
Microsoft Visual Studio Solution File, Format Version 12.00
# Visual Studio Version 16
VisualStudioVersion = 16.0.29806.167
MinimumVisualStudioVersion = 10.0.40219.1
Project("{2150E333-8FDC-42A3-9474-1A3956D46DE8}") = "src", "src", "{BC814238-D65D-43DD-A511-160207C512AB}"
EndProject
Project("{9A19103F-16F7-4668-BE54-9A1E7A4F7556}") = "Extensions.Hosting.Scheduling", "src\Extensions.Hosting.Scheduling\Extensions.Hosting.Scheduling.csproj", "{2DD42F81-8E0A-4C12-A92B-4A7C0FE71B7B}"
EndProject
Project("{2150E333-8FDC-42A3-9474-1A3956D46DE8}") = "Solution Items", "Solution Items", "{81EEC7AD-C981-4022-961C-680177B3C594}"
	ProjectSection(SolutionItems) = preProject
		.gitignore = .gitignore
		LICENSE.md = LICENSE.md
		README.md = README.md
	EndProjectSection
EndProject
Project("{2150E333-8FDC-42A3-9474-1A3956D46DE8}") = ".nuget", ".nuget", "{0E7BD8DE-A23A-4A6D-9548-D37403D40B56}"
	ProjectSection(SolutionItems) = preProject
		.nuget\NuGet.Config = .nuget\NuGet.Config
		.nuget\nuget.exe = .nuget\nuget.exe
		.nuget\NuGet.targets = .nuget\NuGet.targets
	EndProjectSection
EndProject
Global
	GlobalSection(SolutionConfigurationPlatforms) = preSolution
		Debug|Any CPU = Debug|Any CPU
		Release|Any CPU = Release|Any CPU
	EndGlobalSection
	GlobalSection(ProjectConfigurationPlatforms) = postSolution
		{2DD42F81-8E0A-4C12-A92B-4A7C0FE71B7B}.Debug|Any CPU.ActiveCfg = Debug|Any CPU
		{2DD42F81-8E0A-4C12-A92B-4A7C0FE71B7B}.Debug|Any CPU.Build.0 = Debug|Any CPU
		{2DD42F81-8E0A-4C12-A92B-4A7C0FE71B7B}.Release|Any CPU.ActiveCfg = Release|Any CPU
		{2DD42F81-8E0A-4C12-A92B-4A7C0FE71B7B}.Release|Any CPU.Build.0 = Release|Any CPU
	EndGlobalSection
	GlobalSection(SolutionProperties) = preSolution
		HideSolutionNode = FALSE
	EndGlobalSection
	GlobalSection(NestedProjects) = preSolution
		{2DD42F81-8E0A-4C12-A92B-4A7C0FE71B7B} = {BC814238-D65D-43DD-A511-160207C512AB}
	EndGlobalSection
	GlobalSection(ExtensibilityGlobals) = postSolution
		SolutionGuid = {8BBA4260-40E7-4ABB-A1AA-15190243A40E}
	EndGlobalSection
EndGlobal
